
Microsoft Visual Studio Solution File, Format Version 12.00
# Visual Studio Version 17
VisualStudioVersion = 17.9.34616.47
MinimumVisualStudioVersion = 10.0.40219.1
Project("{FAE04EC0-301F-11D3-BF4B-00C04F79EFBC}") = "ogrenciNotSistemi", "ogrenciNotSistemi\ogrenciNotSistemi.csproj", "{18749A98-6D35-4BAA-96DC-AFBBBDBD9C51}"
EndProject
Global
	GlobalSection(SolutionConfigurationPlatforms) = preSolution
		Debug|Any CPU = Debug|Any CPU
		Release|Any CPU = Release|Any CPU
	EndGlobalSection
	GlobalSection(ProjectConfigurationPlatforms) = postSolution
		{18749A98-6D35-4BAA-96DC-AFBBBDBD9C51}.Debug|Any CPU.ActiveCfg = Debug|Any CPU
		{18749A98-6D35-4BAA-96DC-AFBBBDBD9C51}.Debug|Any CPU.Build.0 = Debug|Any CPU
		{18749A98-6D35-4BAA-96DC-AFBBBDBD9C51}.Release|Any CPU.ActiveCfg = Release|Any CPU
		{18749A98-6D35-4BAA-96DC-AFBBBDBD9C51}.Release|Any CPU.Build.0 = Release|Any CPU
	EndGlobalSection
	GlobalSection(SolutionProperties) = preSolution
		HideSolutionNode = FALSE
	EndGlobalSection
	GlobalSection(ExtensibilityGlobals) = postSolution
		SolutionGuid = {E6242625-705B-4957-AE4C-3486AEC2C56E}
	EndGlobalSection
EndGlobal
